
Microsoft Visual Studio Solution File, Format Version 12.00
# Visual Studio Version 16
VisualStudioVersion = 16.0.29519.87
MinimumVisualStudioVersion = 10.0.40219.1
Project("{FAE04EC0-301F-11D3-BF4B-00C04F79EFBC}") = "OnlineKladilnica", "OnlineKladilnica\OnlineKladilnica.csproj", "{44E458C5-3093-4DD1-8C9C-27455E3F4908}"
EndProject
Project("{2150E333-8FDC-42A3-9474-1A3956D46DE8}") = "Solution Items", "Solution Items", "{ECA94A30-2D12-4A62-83FA-CFE97236D5F2}"
	ProjectSection(SolutionItems) = preProject
		grantScript.sql = grantScript.sql
	EndProjectSection
EndProject
Global
	GlobalSection(SolutionConfigurationPlatforms) = preSolution
		Debug|Any CPU = Debug|Any CPU
		Release|Any CPU = Release|Any CPU
	EndGlobalSection
	GlobalSection(ProjectConfigurationPlatforms) = postSolution
		{44E458C5-3093-4DD1-8C9C-27455E3F4908}.Debug|Any CPU.ActiveCfg = Debug|Any CPU
		{44E458C5-3093-4DD1-8C9C-27455E3F4908}.Debug|Any CPU.Build.0 = Debug|Any CPU
		{44E458C5-3093-4DD1-8C9C-27455E3F4908}.Release|Any CPU.ActiveCfg = Release|Any CPU
		{44E458C5-3093-4DD1-8C9C-27455E3F4908}.Release|Any CPU.Build.0 = Release|Any CPU
	EndGlobalSection
	GlobalSection(SolutionProperties) = preSolution
		HideSolutionNode = FALSE
	EndGlobalSection
	GlobalSection(ExtensibilityGlobals) = postSolution
		SolutionGuid = {982C0FFF-9346-47FC-A9D0-77FC5326C716}
	EndGlobalSection
EndGlobal
